
Microsoft Visual Studio Solution File, Format Version 12.00
# Visual Studio Version 17
VisualStudioVersion = 17.7.34221.43
MinimumVisualStudioVersion = 10.0.40219.1
Project("{FAE04EC0-301F-11D3-BF4B-00C04F79EFBC}") = "ECGPlatform", "ECGPlatform\ECGPlatform.csproj", "{A7241733-C0EB-4493-8471-13FE2CF43690}"
EndProject
Project("{FAE04EC0-301F-11D3-BF4B-00C04F79EFBC}") = "ECGFileService", "ECGFileService\ECGFileService.csproj", "{93EC15C7-E7D3-47C1-92E6-5F0CF8D60A03}"
EndProject
Project("{FAE04EC0-301F-11D3-BF4B-00C04F79EFBC}") = "SimpleUtils", "SimpleUtils\SimpleUtils.csproj", "{D568F7BB-8455-4556-A8F0-DC680D870588}"
EndProject
Global
	GlobalSection(SolutionConfigurationPlatforms) = preSolution
		Debug|Any CPU = Debug|Any CPU
		Release|Any CPU = Release|Any CPU
	EndGlobalSection
	GlobalSection(ProjectConfigurationPlatforms) = postSolution
		{A7241733-C0EB-4493-8471-13FE2CF43690}.Debug|Any CPU.ActiveCfg = Debug|Any CPU
		{A7241733-C0EB-4493-8471-13FE2CF43690}.Debug|Any CPU.Build.0 = Debug|Any CPU
		{A7241733-C0EB-4493-8471-13FE2CF43690}.Release|Any CPU.ActiveCfg = Release|Any CPU
		{A7241733-C0EB-4493-8471-13FE2CF43690}.Release|Any CPU.Build.0 = Release|Any CPU
		{93EC15C7-E7D3-47C1-92E6-5F0CF8D60A03}.Debug|Any CPU.ActiveCfg = Debug|Any CPU
		{93EC15C7-E7D3-47C1-92E6-5F0CF8D60A03}.Debug|Any CPU.Build.0 = Debug|Any CPU
		{93EC15C7-E7D3-47C1-92E6-5F0CF8D60A03}.Release|Any CPU.ActiveCfg = Release|Any CPU
		{93EC15C7-E7D3-47C1-92E6-5F0CF8D60A03}.Release|Any CPU.Build.0 = Release|Any CPU
		{D568F7BB-8455-4556-A8F0-DC680D870588}.Debug|Any CPU.ActiveCfg = Debug|Any CPU
		{D568F7BB-8455-4556-A8F0-DC680D870588}.Debug|Any CPU.Build.0 = Debug|Any CPU
		{D568F7BB-8455-4556-A8F0-DC680D870588}.Release|Any CPU.ActiveCfg = Release|Any CPU
		{D568F7BB-8455-4556-A8F0-DC680D870588}.Release|Any CPU.Build.0 = Release|Any CPU
	EndGlobalSection
	GlobalSection(SolutionProperties) = preSolution
		HideSolutionNode = FALSE
	EndGlobalSection
	GlobalSection(ExtensibilityGlobals) = postSolution
		SolutionGuid = {0833784E-A6B1-4D7D-8742-705B6547F47A}
	EndGlobalSection
EndGlobal
